PODS:
  - Capacitor (1.1.0):
    - CapacitorCordova (= 1.1.0)
  - CapacitorCordova (1.1.0)
  - CordovaPlugins (1.1.0):
    - CapacitorCordova

DEPENDENCIES:
  - "Capacitor (from `../../node_modules/@capacitor/ios`)"
  - "CapacitorCordova (from `../../node_modules/@capacitor/ios`)"
  - CordovaPlugins (from `../capacitor-cordova-ios-plugins`)

EXTERNAL SOURCES:
  Capacitor:
    :path: "../../node_modules/@capacitor/ios"
  CapacitorCordova:
    :path: "../../node_modules/@capacitor/ios"
  CordovaPlugins:
    :path: "../capacitor-cordova-ios-plugins"

SPEC CHECKSUMS:
  Capacitor: 1e4b4f057fe6c727575a90cc640fbf6aa019a017
  CapacitorCordova: 49e84a6ab0ff82f00667bd27bb3c0e98bafea445
  CordovaPlugins: ccead1acbffa606555371bd5adb6c50c6c70d9cb

PODFILE CHECKSUM: e57e508ec5349ca6023fde9134b1008ce56a92fa

COCOAPODS: 1.7.1
